
Microsoft Visual Studio Solution File, Format Version 12.00
# Visual Studio 15
VisualStudioVersion = 15.0.27130.2010
MinimumVisualStudioVersion = 10.0.40219.1
Project("{FAE04EC0-301F-11D3-BF4B-00C04F79EFBC}") = "MJB whale whisperer", "MJB whale whisperer\MJB whale whisperer.csproj", "{FF08ED4F-DF65-4514-B9E3-AEA179240252}"
EndProject
Global
	GlobalSection(SolutionConfigurationPlatforms) = preSolution
		Debug|Any CPU = Debug|Any CPU
		Release|Any CPU = Release|Any CPU
	EndGlobalSection
	GlobalSection(ProjectConfigurationPlatforms) = postSolution
		{FF08ED4F-DF65-4514-B9E3-AEA179240252}.Debug|Any CPU.ActiveCfg = Debug|Any CPU
		{FF08ED4F-DF65-4514-B9E3-AEA179240252}.Debug|Any CPU.Build.0 = Debug|Any CPU
		{FF08ED4F-DF65-4514-B9E3-AEA179240252}.Release|Any CPU.ActiveCfg = Release|Any CPU
		{FF08ED4F-DF65-4514-B9E3-AEA179240252}.Release|Any CPU.Build.0 = Release|Any CPU
	EndGlobalSection
	GlobalSection(SolutionProperties) = preSolution
		HideSolutionNode = FALSE
	EndGlobalSection
	GlobalSection(ExtensibilityGlobals) = postSolution
		SolutionGuid = {E6A0CA6D-1765-4C8D-99C8-537F4BCF077A}
	EndGlobalSection
EndGlobal
